
Microsoft Visual Studio Solution File, Format Version 12.00
# Visual Studio Version 17
VisualStudioVersion = 17.4.33205.214
MinimumVisualStudioVersion = 10.0.40219.1
Project("{FAE04EC0-301F-11D3-BF4B-00C04F79EFBC}") = "escola", "escola\escola.csproj", "{E195CFD2-37CA-454A-AABB-724D4E0B949B}"
EndProject
Global
	GlobalSection(SolutionConfigurationPlatforms) = preSolution
		Debug|Any CPU = Debug|Any CPU
		Release|Any CPU = Release|Any CPU
	EndGlobalSection
	GlobalSection(ProjectConfigurationPlatforms) = postSolution
		{E195CFD2-37CA-454A-AABB-724D4E0B949B}.Debug|Any CPU.ActiveCfg = Debug|Any CPU
		{E195CFD2-37CA-454A-AABB-724D4E0B949B}.Debug|Any CPU.Build.0 = Debug|Any CPU
		{E195CFD2-37CA-454A-AABB-724D4E0B949B}.Release|Any CPU.ActiveCfg = Release|Any CPU
		{E195CFD2-37CA-454A-AABB-724D4E0B949B}.Release|Any CPU.Build.0 = Release|Any CPU
	EndGlobalSection
	GlobalSection(SolutionProperties) = preSolution
		HideSolutionNode = FALSE
	EndGlobalSection
	GlobalSection(ExtensibilityGlobals) = postSolution
		SolutionGuid = {D1AB2BF9-A908-4FD2-8D41-6B1A78357207}
	EndGlobalSection
EndGlobal
